
Microsoft Visual Studio Solution File, Format Version 12.00
# Visual Studio Version 16
VisualStudioVersion = 16.0.28803.352
MinimumVisualStudioVersion = 10.0.40219.1
Project("{FAE04EC0-301F-11D3-BF4B-00C04F79EFBC}") = "E24_ImprimirNombre", "E24_ImprimirNombre\E24_ImprimirNombre.csproj", "{76DC4D6E-3F46-489A-8DB4-3AF900329A4F}"
EndProject
Global
	GlobalSection(SolutionConfigurationPlatforms) = preSolution
		Debug|Any CPU = Debug|Any CPU
		Release|Any CPU = Release|Any CPU
	EndGlobalSection
	GlobalSection(ProjectConfigurationPlatforms) = postSolution
		{76DC4D6E-3F46-489A-8DB4-3AF900329A4F}.Debug|Any CPU.ActiveCfg = Debug|Any CPU
		{76DC4D6E-3F46-489A-8DB4-3AF900329A4F}.Debug|Any CPU.Build.0 = Debug|Any CPU
		{76DC4D6E-3F46-489A-8DB4-3AF900329A4F}.Release|Any CPU.ActiveCfg = Release|Any CPU
		{76DC4D6E-3F46-489A-8DB4-3AF900329A4F}.Release|Any CPU.Build.0 = Release|Any CPU
	EndGlobalSection
	GlobalSection(SolutionProperties) = preSolution
		HideSolutionNode = FALSE
	EndGlobalSection
	GlobalSection(ExtensibilityGlobals) = postSolution
		SolutionGuid = {3EAA469C-E09F-45B1-BD25-74E6C4A9A133}
	EndGlobalSection
EndGlobal
